
Microsoft Visual Studio Solution File, Format Version 12.00
# Visual Studio Version 16
VisualStudioVersion = 16.0.31019.35
MinimumVisualStudioVersion = 10.0.40219.1
Project("{FAE04EC0-301F-11D3-BF4B-00C04F79EFBC}") = "MvxStarter.Core", "MvxStarter.Core\MvxStarter.Core.csproj", "{AAE01244-B7AF-446F-8606-39B56BED60C4}"
EndProject
Project("{FAE04EC0-301F-11D3-BF4B-00C04F79EFBC}") = "MvxStarter.Wpf", "MvxStarter.Wpf\MvxStarter.Wpf.csproj", "{376D5F52-CA66-439C-AA04-C35A51779626}"
EndProject
Global
	GlobalSection(SolutionConfigurationPlatforms) = preSolution
		Debug|Any CPU = Debug|Any CPU
		Release|Any CPU = Release|Any CPU
	EndGlobalSection
	GlobalSection(ProjectConfigurationPlatforms) = postSolution
		{AAE01244-B7AF-446F-8606-39B56BED60C4}.Debug|Any CPU.ActiveCfg = Debug|Any CPU
		{AAE01244-B7AF-446F-8606-39B56BED60C4}.Debug|Any CPU.Build.0 = Debug|Any CPU
		{AAE01244-B7AF-446F-8606-39B56BED60C4}.Release|Any CPU.ActiveCfg = Release|Any CPU
		{AAE01244-B7AF-446F-8606-39B56BED60C4}.Release|Any CPU.Build.0 = Release|Any CPU
		{376D5F52-CA66-439C-AA04-C35A51779626}.Debug|Any CPU.ActiveCfg = Debug|Any CPU
		{376D5F52-CA66-439C-AA04-C35A51779626}.Debug|Any CPU.Build.0 = Debug|Any CPU
		{376D5F52-CA66-439C-AA04-C35A51779626}.Release|Any CPU.ActiveCfg = Release|Any CPU
		{376D5F52-CA66-439C-AA04-C35A51779626}.Release|Any CPU.Build.0 = Release|Any CPU
	EndGlobalSection
	GlobalSection(SolutionProperties) = preSolution
		HideSolutionNode = FALSE
	EndGlobalSection
	GlobalSection(ExtensibilityGlobals) = postSolution
		SolutionGuid = {86C0229E-5888-473A-B905-99F3360F4F49}
	EndGlobalSection
EndGlobal
